
Microsoft Visual Studio Solution File, Format Version 12.00
# Visual Studio Version 16
VisualStudioVersion = 16.0.31702.278
MinimumVisualStudioVersion = 10.0.40219.1
Project("{FAE04EC0-301F-11D3-BF4B-00C04F79EFBC}") = "MVCArea_1", "MVCArea_1\MVCArea_1.csproj", "{C1B5093D-18D3-4DF6-B104-D42F88FBB247}"
EndProject
Project("{2150E333-8FDC-42A3-9474-1A3956D46DE8}") = "Solution Items", "Solution Items", "{26B08DD6-0C6A-4D52-8620-49D8FED6308E}"
	ProjectSection(SolutionItems) = preProject
		Odev.txt = Odev.txt
	EndProjectSection
EndProject
Global
	GlobalSection(SolutionConfigurationPlatforms) = preSolution
		Debug|Any CPU = Debug|Any CPU
		Release|Any CPU = Release|Any CPU
	EndGlobalSection
	GlobalSection(ProjectConfigurationPlatforms) = postSolution
		{C1B5093D-18D3-4DF6-B104-D42F88FBB247}.Debug|Any CPU.ActiveCfg = Debug|Any CPU
		{C1B5093D-18D3-4DF6-B104-D42F88FBB247}.Debug|Any CPU.Build.0 = Debug|Any CPU
		{C1B5093D-18D3-4DF6-B104-D42F88FBB247}.Release|Any CPU.ActiveCfg = Release|Any CPU
		{C1B5093D-18D3-4DF6-B104-D42F88FBB247}.Release|Any CPU.Build.0 = Release|Any CPU
	EndGlobalSection
	GlobalSection(SolutionProperties) = preSolution
		HideSolutionNode = FALSE
	EndGlobalSection
	GlobalSection(ExtensibilityGlobals) = postSolution
		SolutionGuid = {DA23CC49-FB9E-4A52-B9B4-AEB1DBC71071}
	EndGlobalSection
EndGlobal
